
Microsoft Visual Studio Solution File, Format Version 12.00
# Visual Studio Version 17
VisualStudioVersion = 17.2.32616.157
MinimumVisualStudioVersion = 10.0.40219.1
Project("{FAE04EC0-301F-11D3-BF4B-00C04F79EFBC}") = "BookingCinema", "BookingCinema\BookingCinema.csproj", "{255554F0-271E-427F-A635-13852418DDC9}"
EndProject
Global
	GlobalSection(SolutionConfigurationPlatforms) = preSolution
		Debug|Any CPU = Debug|Any CPU
		Release|Any CPU = Release|Any CPU
	EndGlobalSection
	GlobalSection(ProjectConfigurationPlatforms) = postSolution
		{255554F0-271E-427F-A635-13852418DDC9}.Debug|Any CPU.ActiveCfg = Debug|Any CPU
		{255554F0-271E-427F-A635-13852418DDC9}.Debug|Any CPU.Build.0 = Debug|Any CPU
		{255554F0-271E-427F-A635-13852418DDC9}.Release|Any CPU.ActiveCfg = Release|Any CPU
		{255554F0-271E-427F-A635-13852418DDC9}.Release|Any CPU.Build.0 = Release|Any CPU
	EndGlobalSection
	GlobalSection(SolutionProperties) = preSolution
		HideSolutionNode = FALSE
	EndGlobalSection
	GlobalSection(ExtensibilityGlobals) = postSolution
		SolutionGuid = {6D973C91-313E-4840-9865-0DF3AC647FAF}
	EndGlobalSection
EndGlobal
